
Microsoft Visual Studio Solution File, Format Version 12.00
# Visual Studio Version 17
VisualStudioVersion = 17.9.34701.34
MinimumVisualStudioVersion = 10.0.40219.1
Project("{9A19103F-16F7-4668-BE54-9A1E7A4F7556}") = "SearchAPI", "SearchAPI\SearchAPI.csproj", "{51601387-506D-4594-8234-886C11E2485E}"
EndProject
Project("{FAE04EC0-301F-11D3-BF4B-00C04F79EFBC}") = "SearchAPI.Identity", "SearchAPI.Identity\SearchAPI.Identity.csproj", "{15C5FD69-083D-467B-A2FA-E1D3905F4B89}"
EndProject
Project("{FAE04EC0-301F-11D3-BF4B-00C04F79EFBC}") = "SearchAPI.Common.Classes", "SearchAPI.Common.Classes\SearchAPI.Common.Classes.csproj", "{F01AC33E-76EC-451E-B707-793B5270C16A}"
EndProject
Global
	GlobalSection(SolutionConfigurationPlatforms) = preSolution
		Debug|Any CPU = Debug|Any CPU
		Release|Any CPU = Release|Any CPU
	EndGlobalSection
	GlobalSection(ProjectConfigurationPlatforms) = postSolution
		{51601387-506D-4594-8234-886C11E2485E}.Debug|Any CPU.ActiveCfg = Debug|Any CPU
		{51601387-506D-4594-8234-886C11E2485E}.Debug|Any CPU.Build.0 = Debug|Any CPU
		{51601387-506D-4594-8234-886C11E2485E}.Release|Any CPU.ActiveCfg = Release|Any CPU
		{51601387-506D-4594-8234-886C11E2485E}.Release|Any CPU.Build.0 = Release|Any CPU
		{15C5FD69-083D-467B-A2FA-E1D3905F4B89}.Debug|Any CPU.ActiveCfg = Debug|Any CPU
		{15C5FD69-083D-467B-A2FA-E1D3905F4B89}.Debug|Any CPU.Build.0 = Debug|Any CPU
		{15C5FD69-083D-467B-A2FA-E1D3905F4B89}.Release|Any CPU.ActiveCfg = Release|Any CPU
		{15C5FD69-083D-467B-A2FA-E1D3905F4B89}.Release|Any CPU.Build.0 = Release|Any CPU
		{F01AC33E-76EC-451E-B707-793B5270C16A}.Debug|Any CPU.ActiveCfg = Debug|Any CPU
		{F01AC33E-76EC-451E-B707-793B5270C16A}.Debug|Any CPU.Build.0 = Debug|Any CPU
		{F01AC33E-76EC-451E-B707-793B5270C16A}.Release|Any CPU.ActiveCfg = Release|Any CPU
		{F01AC33E-76EC-451E-B707-793B5270C16A}.Release|Any CPU.Build.0 = Release|Any CPU
	EndGlobalSection
	GlobalSection(SolutionProperties) = preSolution
		HideSolutionNode = FALSE
	EndGlobalSection
	GlobalSection(ExtensibilityGlobals) = postSolution
		SolutionGuid = {E60E3F5F-4932-4176-A4DE-BFC90C603443}
	EndGlobalSection
EndGlobal
